DEPENDENCIES
  gentoo
    git: https://github.com/pr0d1r2/chef-gentoo
    revision: 82ba91d86910480659090326628863a0f67c1db0
    ref: 82ba91d
  gentoo_kernel
    git: https://github.com/pr0d1r2/chef-gentoo_kernel.git
    revision: 04a74e9b7b04416a9ad5d1527b31912ee232f332
  gentoo_package_masking
    git: https://github.com/pr0d1r2/gentoo_package_masking.git
    revision: 5fa94405adaa2a7abc33ca178ba2370325f38c95
  htop
  nginx
  traceroute
  zfs
    git: https://github.com/pr0d1r2/chef-zfs-gentoo.git
    revision: 96eaea13fe63c06b48d37f30c43bfaba1a958831
  zfs_pools
    git: https://github.com/pr0d1r2/chef-zfs_pools.git
    revision: d05b6cdde0dc69c456b65eb494e0ac86f2909737

GRAPH
  7-zip (1.0.2)
    windows (>= 1.2.2)
  apt (2.9.2)
  bluepill (2.4.3)
    rsyslog (>= 2.0)
  build-essential (2.4.0)
    7-zip (>= 0.0.0)
  compat_resource (12.16.3)
  gentoo (0.1.0)
  gentoo_kernel (1.0.0)
  gentoo_package_masking (1.0.0)
    gentoo (>= 0.0.0)
  htop (2.0.0)
    yum-repoforge (>= 0.0.0)
  nginx (2.7.6)
    apt (~> 2.2)
    bluepill (~> 2.3)
    build-essential (~> 2.0)
    ohai (~> 2.0)
    runit (~> 1.2)
    yum-epel (~> 0.3)
  ohai (2.1.0)
  packagecloud (0.2.5)
  rsyslog (5.1.0)
    compat_resource (>= 12.14.6)
  runit (1.8.0)
    packagecloud (>= 0.0.0)
    yum-epel (>= 0.0.0)
  traceroute (1.0.0)
  windows (2.0.2)
  yum (5.0.0)
  yum-epel (0.7.1)
    yum (>= 3.6.3)
  yum-repoforge (2.0.1)
    compat_resource (>= 12.16.3)
    yum-epel (>= 0.0.0)
  zfs (1.0.0)
    gentoo_kernel (>= 0.0.0)
  zfs_pools (1.0.0)
    gentoo (>= 0.0.0)
    zfs (>= 0.0.0)
